// !$*UTF8*$!
{
	archiveVersion = 1;
	classes = {
	};
	objectVersion = 48;
	objects = {

/* Begin PBXBuildFile section */
		46E4087E2055308900BBD640 /* MyCustomButton.swift in Sources */ = {isa = PBXBuildFile; fileRef = 46E4087D2055308900BBD640 /* MyCustomButton.swift */; };
		46E408802055477D00BBD640 /* MyCustomButtonwithBorder.swift in Sources */ = {isa = PBXBuildFile; fileRef = 46E4087F2055477D00BBD640 /* MyCustomButtonwithBorder.swift */; };
		46E40882205589C900BBD640 /* MyShadowView.swift in Sources */ = {isa = PBXBuildFile; fileRef = 46E40881205589C900BBD640 /* MyShadowView.swift */; };
		46E408842055D02E00BBD640 /* BrainCalculator.swift in Sources */ = {isa = PBXBuildFile; fileRef = 46E408832055D02E00BBD640 /* BrainCalculator.swift */; };
		46EF99A92054616800ECDD6D /* AppDelegate.swift in Sources */ = {isa = PBXBuildFile; fileRef = 46EF99A82054616800ECDD6D /* AppDelegate.swift */; };
		46EF99AB2054616800ECDD6D /* ViewController.swift in Sources */ = {isa = PBXBuildFile; fileRef = 46EF99AA2054616800ECDD6D /* ViewController.swift */; };
		46EF99AE2054616800ECDD6D /* Main.storyboard in Resources */ = {isa = PBXBuildFile; fileRef = 46EF99AC2054616800ECDD6D /* Main.storyboard */; };
		46EF99B02054616800ECDD6D /* Assets.xcassets in Resources */ = {isa = PBXBuildFile; fileRef = 46EF99AF2054616800ECDD6D /* Assets.xcassets */; };
		46EF99B32054616800ECDD6D /* LaunchScreen.storyboard in Resources */ = {isa = PBXBuildFile; fileRef = 46EF99B12054616800ECDD6D /* LaunchScreen.storyboard */; };
/* End PBXBuildFile section */

/* Begin PBXFileReference section */
		46E4087D2055308900BBD640 /* MyCustomButton.swift */ = {isa = PBXFileReference; fileEncoding = 4; lastKnownFileType = sourcecode.swift; path = MyCustomButton.swift; sourceTree = "<group>"; };
		46E4087F2055477D00BBD640 /* MyCustomButtonwithBorder.swift */ = {isa = PBXFileReference; lastKnownFileType = sourcecode.swift; path = MyCustomButtonwithBorder.swift; sourceTree = "<group>"; };
		46E40881205589C900BBD640 /* MyShadowView.swift */ = {isa = PBXFileReference; lastKnownFileType = sourcecode.swift; path = MyShadowView.swift; sourceTree = "<group>"; };
		46E408832055D02E00BBD640 /* BrainCalculator.swift */ = {isa = PBXFileReference; lastKnownFileType = sourcecode.swift; path = BrainCalculator.swift; sourceTree = "<group>"; };
		46EF99A52054616800ECDD6D /* Calculator.app */ = {isa = PBXFileReference; explicitFileType = wrapper.application; includeInIndex = 0; path = Calculator.app; sourceTree = BUILT_PRODUCTS_DIR; };
		46EF99A82054616800ECDD6D /* AppDelegate.swift */ = {isa = PBXFileReference; lastKnownFileType = sourcecode.swift; path = AppDelegate.swift; sourceTree = "<group>"; };
		46EF99AA2054616800ECDD6D /* ViewController.swift */ = {isa = PBXFileReference; lastKnownFileType = sourcecode.swift; path = ViewController.swift; sourceTree = "<group>"; };
		46EF99AD2054616800ECDD6D /* Base */ = {isa = PBXFileReference; lastKnownFileType = file.storyboard; name = Base; path = Base.lproj/Main.storyboard; sourceTree = "<group>"; };
		46EF99AF2054616800ECDD6D /* Assets.xcassets */ = {isa = PBXFileReference; lastKnownFileType = folder.assetcatalog; path = Assets.xcassets; sourceTree = "<group>"; };
		46EF99B22054616800ECDD6D /* Base */ = {isa = PBXFileReference; lastKnownFileType = file.storyboard; name = Base; path = Base.lproj/LaunchScreen.storyboard; sourceTree = "<group>"; };
		46EF99B42054616800ECDD6D /* Info.plist */ = {isa = PBXFileReference; lastKnownFileType = text.plist.xml; path = Info.plist; sourceTree = "<group>"; };
/* End PBXFileReference section */

/* Begin PBXFrameworksBuildPhase section */
		46EF99A22054616800ECDD6D /* Frameworks */ = {
			isa = PBXFrameworksBuildPhase;
			buildActionMask = 2147483647;
			files = (
			);
			runOnlyForDeploymentPostprocessing = 0;
		};
/* End PBXFrameworksBuildPhase section */

/* Begin PBXGroup section */
		46EF999C2054616700ECDD6D = {
			isa = PBXGroup;
			children = (
				46EF99A72054616800ECDD6D /* Calculator */,
				46EF99A62054616800ECDD6D /* Products */,
			);
			sourceTree = "<group>";
		};
		46EF99A62054616800ECDD6D /* Products */ = {
			isa = PBXGroup;
			children = (
				46EF99A52054616800ECDD6D /* Calculator.app */,
			);
			name = Products;
			sourceTree = "<group>";
		};
		46EF99A72054616800ECDD6D /* Calculator */ = {
			isa = PBXGroup;
			children = (
				46E4087D2055308900BBD640 /* MyCustomButton.swift */,
				46EF99A82054616800ECDD6D /* AppDelegate.swift */,
				46EF99AA2054616800ECDD6D /* ViewController.swift */,
				46EF99AC2054616800ECDD6D /* Main.storyboard */,
				46EF99AF2054616800ECDD6D /* Assets.xcassets */,
				46EF99B12054616800ECDD6D /* LaunchScreen.storyboard */,
				46EF99B42054616800ECDD6D /* Info.plist */,
				46E4087F2055477D00BBD640 /* MyCustomButtonwithBorder.swift */,
				46E40881205589C900BBD640 /* MyShadowView.swift */,
				46E408832055D02E00BBD640 /* BrainCalculator.swift */,
			);
			path = Calculator;
			sourceTree = "<group>";
		};
/* End PBXGroup section */

/* Begin PBXNativeTarget section */
		46EF99A42054616800ECDD6D /* Calculator */ = {
			isa = PBXNativeTarget;
			buildConfigurationList = 46EF99B72054616800ECDD6D /* Build configuration list for PBXNativeTarget "Calculator" */;
			buildPhases = (
				46EF99A12054616800ECDD6D /* Sources */,
				46EF99A22054616800ECDD6D /* Frameworks */,
				46EF99A32054616800ECDD6D /* Resources */,
			);
			buildRules = (
			);
			dependencies = (
			);
			name = Calculator;
			productName = Calculator;
			productReference = 46EF99A52054616800ECDD6D /* Calculator.app */;
			productType = "com.apple.product-type.application";
		};
/* End PBXNativeTarget section */

/* Begin PBXProject section */
		46EF999D2054616800ECDD6D /* Project object */ = {
			isa = PBXProject;
			attributes = {
				LastSwiftUpdateCheck = 0920;
				LastUpgradeCheck = 0920;
				ORGANIZATIONNAME = "Mohamed Kelany";
				TargetAttributes = {
					46EF99A42054616800ECDD6D = {
						CreatedOnToolsVersion = 9.2;
						ProvisioningStyle = Automatic;
					};
				};
			};
			buildConfigurationList = 46EF99A02054616800ECDD6D /* Build configuration list for PBXProject "Calculator" */;
			compatibilityVersion = "Xcode 8.0";
			developmentRegion = en;
			hasScannedForEncodings = 0;
			knownRegions = (
				en,
				Base,
			);
			mainGroup = 46EF999C2054616700ECDD6D;
			productRefGroup = 46EF99A62054616800ECDD6D /* Products */;
			projectDirPath = "";
			projectRoot = "";
			targets = (
				46EF99A42054616800ECDD6D /* Calculator */,
			);
		};
/* End PBXProject section */

/* Begin PBXResourcesBuildPhase section */
		46EF99A32054616800ECDD6D /* Resources */ = {
			isa = PBXResourcesBuildPhase;
			buildActionMask = 2147483647;
			files = (
				46EF99B32054616800ECDD6D /* LaunchScreen.storyboard in Resources */,
				46EF99B02054616800ECDD6D /* Assets.xcassets in Resources */,
				46EF99AE2054616800ECDD6D /* Main.storyboard in Resources */,
			);
			runOnlyForDeploymentPostprocessing = 0;
		};
/* End PBXResourcesBuildPhase section */

/* Begin PBXSourcesBuildPhase section */
		46EF99A12054616800ECDD6D /* Sources */ = {
			isa = PBXSourcesBuildPhase;
			buildActionMask = 2147483647;
			files = (
				46E408802055477D00BBD640 /* MyCustomButtonwithBorder.swift in Sources */,
				46E4087E2055308900BBD640 /* MyCustomButton.swift in Sources */,
				46EF99AB2054616800ECDD6D /* ViewController.swift in Sources */,
				46E40882205589C900BBD640 /* MyShadowView.swift in Sources */,
				46E408842055D02E00BBD640 /* BrainCalculator.swift in Sources */,
				46EF99A92054616800ECDD6D /* AppDelegate.swift in Sources */,
			);
			runOnlyForDeploymentPostprocessing = 0;
		};
/* End PBXSourcesBuildPhase section */

/* Begin PBXVariantGroup section */
		46EF99AC2054616800ECDD6D /* Main.storyboard */ = {
			isa = PBXVariantGroup;
			children = (
				46EF99AD2054616800ECDD6D /* Base */,
			);
			name = Main.storyboard;
			sourceTree = "<group>";
		};
		46EF99B12054616800ECDD6D /* LaunchScreen.storyboard */ = {
			isa = PBXVariantGroup;
			children = (
				46EF99B22054616800ECDD6D /* Base */,
			);
			name = LaunchScreen.storyboard;
			sourceTree = "<group>";
		};
/* End PBXVariantGroup section */

/* Begin XCBuildConfiguration section */
		46EF99B52054616800ECDD6D /* Debug */ = {
			isa = XCBuildConfiguration;
			buildSettings = {
				ALWAYS_SEARCH_USER_PATHS = NO;
				CLANG_ANALYZER_NONNULL = YES;
				CLANG_ANALYZER_NUMBER_OBJECT_CONVERSION = YES_AGGRESSIVE;
				CLANG_CXX_LANGUAGE_STANDARD = "gnu++14";
				CLANG_CXX_LIBRARY = "libc++";
				CLANG_ENABLE_MODULES = YES;
				CLANG_ENABLE_OBJC_ARC = YES;
				CLANG_WARN_BLOCK_CAPTURE_AUTORELEASING = YES;
				CLANG_WARN_BOOL_CONVERSION = YES;
				CLANG_WARN_COMMA = YES;
				CLANG_WARN_CONSTANT_CONVERSION = YES;
				CLANG_WARN_DIRECT_OBJC_ISA_USAGE = YES_ERROR;
				CLANG_WARN_DOCUMENTATION_COMMENTS = YES;
				CLANG_WARN_EMPTY_BODY = YES;
				CLANG_WARN_ENUM_CONVERSION = YES;
				CLANG_WARN_INFINITE_RECURSION = YES;
				CLANG_WARN_INT_CONVERSION = YES;
				CLANG_WARN_NON_LITERAL_NULL_CONVERSION = YES;
				CLANG_WARN_OBJC_LITERAL_CONVERSION = YES;
				CLANG_WARN_OBJC_ROOT_CLASS = YES_ERROR;
				CLANG_WARN_RANGE_LOOP_ANALYSIS = YES;
				CLANG_WARN_STRICT_PROTOTYPES = YES;
				CLANG_WARN_SUSPICIOUS_MOVE = YES;
				CLANG_WARN_UNGUARDED_AVAILABILITY = YES_AGGRESSIVE;
				CLANG_WARN_UNREACHABLE_CODE = YES;
				CLANG_WARN__DUPLICATE_METHOD_MATCH = YES;
				CODE_SIGN_IDENTITY = "iPhone Developer";
				COPY_PHASE_STRIP = NO;
				DEBUG_INFORMATION_FORMAT = dwarf;
				ENABLE_STRICT_OBJC_MSGSEND = YES;
				ENABLE_TESTABILITY = YES;
				GCC_C_LANGUAGE_STANDARD = gnu11;
				GCC_DYNAMIC_NO_PIC = NO;
				GCC_NO_COMMON_BLOCKS = YES;
				GCC_OPTIMIZATION_LEVEL = 0;
				GCC_PREPROCESSOR_DEFINITIONS = (
					"DEBUG=1",
					"$(inherited)",
				);
				GCC_WARN_64_TO_32_BIT_CONVERSION = YES;
				GCC_WARN_ABOUT_RETURN_TYPE = YES_ERROR;
				GCC_WARN_UNDECLARED_SELECTOR = YES;
				GCC_WARN_UNINITIALIZED_AUTOS = YES_AGGRESSIVE;
				GCC_WARN_UNUSED_FUNCTION = YES;
				GCC_WARN_UNUSED_VARIABLE = YES;
				IPHONEOS_DEPLOYMENT_TARGET = 11.2;
				MTL_ENABLE_DEBUG_INFO = YES;
				ONLY_ACTIVE_ARCH = YES;
				SDKROOT = iphoneos;
				SWIFT_ACTIVE_COMPILATION_CONDITIONS = DEBUG;
				SWIFT_OPTIMIZATION_LEVEL = "-Onone";
			};
			name = Debug;
		};
		46EF99B62054616800ECDD6D /* Release */ = {
			isa = XCBuildConfiguration;
			buildSettings = {
				ALWAYS_SEARCH_USER_PATHS = NO;
				CLANG_ANALYZER_NONNULL = YES;
				CLANG_ANALYZER_NUMBER_OBJECT_CONVERSION = YES_AGGRESSIVE;
				CLANG_CXX_LANGUAGE_STANDARD = "gnu++14";
				CLANG_CXX_LIBRARY = "libc++";
				CLANG_ENABLE_MODULES = YES;
				CLANG_ENABLE_OBJC_ARC = YES;
				CLANG_WARN_BLOCK_CAPTURE_AUTORELEASING = YES;
				CLANG_WARN_BOOL_CONVERSION = YES;
				CLANG_WARN_COMMA = YES;
				CLANG_WARN_CONSTANT_CONVERSION = YES;
				CLANG_WARN_DIRECT_OBJC_ISA_USAGE = YES_ERROR;
				CLANG_WARN_DOCUMENTATION_COMMENTS = YES;
				CLANG_WARN_EMPTY_BODY = YES;
				CLANG_WARN_ENUM_CONVERSION = YES;
				CLANG_WARN_INFINITE_RECURSION = YES;
				CLANG_WARN_INT_CONVERSION = YES;
				CLANG_WARN_NON_LITERAL_NULL_CONVERSION = YES;
				CLANG_WARN_OBJC_LITERAL_CONVERSION = YES;
				CLANG_WARN_OBJC_ROOT_CLASS = YES_ERROR;
				CLANG_WARN_RANGE_LOOP_ANALYSIS = YES;
				CLANG_WARN_STRICT_PROTOTYPES = YES;
				CLANG_WARN_SUSPICIOUS_MOVE = YES;
				CLANG_WARN_UNGUARDED_AVAILABILITY = YES_AGGRESSIVE;
				CLANG_WARN_UNREACHABLE_CODE = YES;
				CLANG_WARN__DUPLICATE_METHOD_MATCH = YES;
				CODE_SIGN_IDENTITY = "iPhone Developer";
				COPY_PHASE_STRIP = NO;
				DEBUG_INFORMATION_FORMAT = "dwarf-with-dsym";
				ENABLE_NS_ASSERTIONS = NO;
				ENABLE_STRICT_OBJC_MSGSEND = YES;
				GCC_C_LANGUAGE_STANDARD = gnu11;
				GCC_NO_COMMON_BLOCKS = YES;
				GCC_WARN_64_TO_32_BIT_CONVERSION = YES;
				GCC_WARN_ABOUT_RETURN_TYPE = YES_ERROR;
				GCC_WARN_UNDECLARED_SELECTOR = YES;
				GCC_WARN_UNINITIALIZED_AUTOS = YES_AGGRESSIVE;
				GCC_WARN_UNUSED_FUNCTION = YES;
				GCC_WARN_UNUSED_VARIABLE = YES;
				IPHONEOS_DEPLOYMENT_TARGET = 11.2;
				MTL_ENABLE_DEBUG_INFO = NO;
				SDKROOT = iphoneos;
				SWIFT_OPTIMIZATION_LEVEL = "-Owholemodule";
				VALIDATE_PRODUCT = YES;
			};
			name = Release;
		};
		46EF99B82054616800ECDD6D /* Debug */ = {
			isa = XCBuildConfiguration;
			buildSettings = {
				ASSETCATALOG_COMPILER_APPICON_NAME = AppIcon;
				CODE_SIGN_STYLE = Automatic;
				DEVELOPMENT_TEAM = 5YA4F6ZP59;
				INFOPLIST_FILE = Calculator/Info.plist;
				LD_RUNPATH_SEARCH_PATHS = "$(inherited) @executable_path/Frameworks";
				PRODUCT_BUNDLE_IDENTIFIER = "mohamed.kelany-outlook.com.Calculator";
				PRODUCT_NAME = "$(TARGET_NAME)";
				SWIFT_VERSION = 4.0;
				TARGETED_DEVICE_FAMILY = "1,2";
			};
			name = Debug;
		};
		46EF99B92054616800ECDD6D /* Release */ = {
			isa = XCBuildConfiguration;
			buildSettings = {
				ASSETCATALOG_COMPILER_APPICON_NAME = AppIcon;
				CODE_SIGN_STYLE = Automatic;
				DEVELOPMENT_TEAM = 5YA4F6ZP59;
				INFOPLIST_FILE = Calculator/Info.plist;
				LD_RUNPATH_SEARCH_PATHS = "$(inherited) @executable_path/Frameworks";
				PRODUCT_BUNDLE_IDENTIFIER = "mohamed.kelany-outlook.com.Calculator";
				PRODUCT_NAME = "$(TARGET_NAME)";
				SWIFT_VERSION = 4.0;
				TARGETED_DEVICE_FAMILY = "1,2";
			};
			name = Release;
		};
/* End XCBuildConfiguration section */

/* Begin XCConfigurationList section */
		46EF99A02054616800ECDD6D /* Build configuration list for PBXProject "Calculator" */ = {
			isa = XCConfigurationList;
			buildConfigurations = (
				46EF99B52054616800ECDD6D /* Debug */,
				46EF99B62054616800ECDD6D /* Release */,
			);
			defaultConfigurationIsVisible = 0;
			defaultConfigurationName = Release;
		};
		46EF99B72054616800ECDD6D /* Build configuration list for PBXNativeTarget "Calculator" */ = {
			isa = XCConfigurationList;
			buildConfigurations = (
				46EF99B82054616800ECDD6D /* Debug */,
				46EF99B92054616800ECDD6D /* Release */,
			);
			defaultConfigurationIsVisible = 0;
			defaultConfigurationName = Release;
		};
/* End XCConfigurationList section */
	};
	rootObject = 46EF999D2054616800ECDD6D /* Project object */;
}
